
Microsoft Visual Studio Solution File, Format Version 12.00
# Visual Studio Version 17
VisualStudioVersion = 17.13.35931.197 d17.13
MinimumVisualStudioVersion = 10.0.40219.1
Project("{FAE04EC0-301F-11D3-BF4B-00C04F79EFBC}") = "MemEngine360.Avalonia", "MemEngine360.Avalonia\MemEngine360.Avalonia.csproj", "{2173941F-8742-4896-A0CF-5130F72F5802}"
EndProject
Project("{FAE04EC0-301F-11D3-BF4B-00C04F79EFBC}") = "MemEngine360", "MemEngine360\MemEngine360.csproj", "{5C98E908-CB96-494E-AC7A-526D88AD6F55}"
EndProject
Project("{FAE04EC0-301F-11D3-BF4B-00C04F79EFBC}") = "PFXToolKitUI", "PFXToolKitUI\PFXToolKitUI\PFXToolKitUI.csproj", "{717549BD-8C73-5F2C-26F8-C1073B35E942}"
EndProject
Project("{FAE04EC0-301F-11D3-BF4B-00C04F79EFBC}") = "PFXToolKitUI.Avalonia", "PFXToolKitUI\PFXToolKitUI.Avalonia\PFXToolKitUI.Avalonia.csproj", "{AE7705B6-AF12-1729-7FD9-CF99013A4FCB}"
EndProject
Project("{2150E333-8FDC-42A3-9474-1A3956D46DE8}") = "submodules", "submodules", "{41FD8850-2EFD-4067-A016-B1AB043C9DE8}"
EndProject
Project("{FAE04EC0-301F-11D3-BF4B-00C04F79EFBC}") = "AvaloniaHex", "AvaloniaHex\src\AvaloniaHex\AvaloniaHex.csproj", "{8DA3528C-7216-432B-B3DC-0FC311978456}"
EndProject
Project("{FAE04EC0-301F-11D3-BF4B-00C04F79EFBC}") = "AvaloniaHex.Core", "AvaloniaHex\src\AvaloniaHex.Core\AvaloniaHex.Core.csproj", "{B0EE1F47-F1FE-43B3-9B13-745FEFA67E14}"
EndProject
Project("{2150E333-8FDC-42A3-9474-1A3956D46DE8}") = "plugins", "plugins", "{4B9F43C6-26CB-4AAB-8002-12E81CB64800}"
EndProject
Project("{FAE04EC0-301F-11D3-BF4B-00C04F79EFBC}") = "MemEngine360.Xbox360XDevkit", "MemEngine360.Xbox360XDevkit\MemEngine360.Xbox360XDevkit.csproj", "{7D545B1C-414D-4BBF-98A8-BD75405D013C}"
EndProject
Project("{FAE04EC0-301F-11D3-BF4B-00C04F79EFBC}") = "MemEngine360.Xbox360XBDM", "MemEngine360.Xbox360XBDM\MemEngine360.Xbox360XBDM.csproj", "{2D8C352A-CAF0-48C0-841C-C4D174F71566}"
EndProject
Project("{FAE04EC0-301F-11D3-BF4B-00C04F79EFBC}") = "XDevkit", "XDevkit\XDevkit.csproj", "{EF2FF569-83A4-484D-86DF-3819EC1C14A7}"
EndProject
Project("{FAE04EC0-301F-11D3-BF4B-00C04F79EFBC}") = "MemEngine360.BaseFrontEnd", "MemEngine360.BaseFrontEnd\MemEngine360.BaseFrontEnd.csproj", "{EA6159F6-22D5-4588-AB30-E65A30D3C79F}"
EndProject
Project("{2150E333-8FDC-42A3-9474-1A3956D46DE8}") = "docs", "docs", "{07FB257C-2685-4797-9B72-62720F5A9170}"
	ProjectSection(SolutionItems) = preProject
		docs\Opening-Windows.md = docs\Opening-Windows.md
		docs\Models-And-Binding.md = docs\Models-And-Binding.md
		docs\Basic-Dialogs.md = docs\Basic-Dialogs.md
		docs\Command-System.md = docs\Command-System.md
		docs\Projects-and-Codebase.md = docs\Projects-and-Codebase.md
	EndProjectSection
EndProject
Global
	GlobalSection(SolutionConfigurationPlatforms) = preSolution
		Debug|Any CPU = Debug|Any CPU
		Release|Any CPU = Release|Any CPU
	EndGlobalSection
	GlobalSection(ProjectConfigurationPlatforms) = postSolution
		{2173941F-8742-4896-A0CF-5130F72F5802}.Debug|Any CPU.ActiveCfg = Debug|Any CPU
		{2173941F-8742-4896-A0CF-5130F72F5802}.Debug|Any CPU.Build.0 = Debug|Any CPU
		{2173941F-8742-4896-A0CF-5130F72F5802}.Release|Any CPU.ActiveCfg = Release|Any CPU
		{2173941F-8742-4896-A0CF-5130F72F5802}.Release|Any CPU.Build.0 = Release|Any CPU
		{5C98E908-CB96-494E-AC7A-526D88AD6F55}.Debug|Any CPU.ActiveCfg = Debug|Any CPU
		{5C98E908-CB96-494E-AC7A-526D88AD6F55}.Debug|Any CPU.Build.0 = Debug|Any CPU
		{5C98E908-CB96-494E-AC7A-526D88AD6F55}.Release|Any CPU.ActiveCfg = Release|Any CPU
		{5C98E908-CB96-494E-AC7A-526D88AD6F55}.Release|Any CPU.Build.0 = Release|Any CPU
		{717549BD-8C73-5F2C-26F8-C1073B35E942}.Debug|Any CPU.ActiveCfg = Debug|Any CPU
		{717549BD-8C73-5F2C-26F8-C1073B35E942}.Debug|Any CPU.Build.0 = Debug|Any CPU
		{717549BD-8C73-5F2C-26F8-C1073B35E942}.Release|Any CPU.ActiveCfg = Release|Any CPU
		{717549BD-8C73-5F2C-26F8-C1073B35E942}.Release|Any CPU.Build.0 = Release|Any CPU
		{AE7705B6-AF12-1729-7FD9-CF99013A4FCB}.Debug|Any CPU.ActiveCfg = Debug|Any CPU
		{AE7705B6-AF12-1729-7FD9-CF99013A4FCB}.Debug|Any CPU.Build.0 = Debug|Any CPU
		{AE7705B6-AF12-1729-7FD9-CF99013A4FCB}.Release|Any CPU.ActiveCfg = Release|Any CPU
		{AE7705B6-AF12-1729-7FD9-CF99013A4FCB}.Release|Any CPU.Build.0 = Release|Any CPU
		{8DA3528C-7216-432B-B3DC-0FC311978456}.Debug|Any CPU.ActiveCfg = Debug|Any CPU
		{8DA3528C-7216-432B-B3DC-0FC311978456}.Debug|Any CPU.Build.0 = Debug|Any CPU
		{8DA3528C-7216-432B-B3DC-0FC311978456}.Release|Any CPU.ActiveCfg = Release|Any CPU
		{8DA3528C-7216-432B-B3DC-0FC311978456}.Release|Any CPU.Build.0 = Release|Any CPU
		{B0EE1F47-F1FE-43B3-9B13-745FEFA67E14}.Debug|Any CPU.ActiveCfg = Debug|Any CPU
		{B0EE1F47-F1FE-43B3-9B13-745FEFA67E14}.Debug|Any CPU.Build.0 = Debug|Any CPU
		{B0EE1F47-F1FE-43B3-9B13-745FEFA67E14}.Release|Any CPU.ActiveCfg = Release|Any CPU
		{B0EE1F47-F1FE-43B3-9B13-745FEFA67E14}.Release|Any CPU.Build.0 = Release|Any CPU
		{7D545B1C-414D-4BBF-98A8-BD75405D013C}.Debug|Any CPU.ActiveCfg = Debug|Any CPU
		{7D545B1C-414D-4BBF-98A8-BD75405D013C}.Debug|Any CPU.Build.0 = Debug|Any CPU
		{7D545B1C-414D-4BBF-98A8-BD75405D013C}.Release|Any CPU.ActiveCfg = Release|Any CPU
		{7D545B1C-414D-4BBF-98A8-BD75405D013C}.Release|Any CPU.Build.0 = Release|Any CPU
		{2D8C352A-CAF0-48C0-841C-C4D174F71566}.Debug|Any CPU.ActiveCfg = Debug|Any CPU
		{2D8C352A-CAF0-48C0-841C-C4D174F71566}.Debug|Any CPU.Build.0 = Debug|Any CPU
		{2D8C352A-CAF0-48C0-841C-C4D174F71566}.Release|Any CPU.ActiveCfg = Release|Any CPU
		{2D8C352A-CAF0-48C0-841C-C4D174F71566}.Release|Any CPU.Build.0 = Release|Any CPU
		{EF2FF569-83A4-484D-86DF-3819EC1C14A7}.Debug|Any CPU.ActiveCfg = Debug|Any CPU
		{EF2FF569-83A4-484D-86DF-3819EC1C14A7}.Debug|Any CPU.Build.0 = Debug|Any CPU
		{EF2FF569-83A4-484D-86DF-3819EC1C14A7}.Release|Any CPU.ActiveCfg = Release|Any CPU
		{EF2FF569-83A4-484D-86DF-3819EC1C14A7}.Release|Any CPU.Build.0 = Release|Any CPU
		{EA6159F6-22D5-4588-AB30-E65A30D3C79F}.Debug|Any CPU.ActiveCfg = Debug|Any CPU
		{EA6159F6-22D5-4588-AB30-E65A30D3C79F}.Debug|Any CPU.Build.0 = Debug|Any CPU
		{EA6159F6-22D5-4588-AB30-E65A30D3C79F}.Release|Any CPU.ActiveCfg = Release|Any CPU
		{EA6159F6-22D5-4588-AB30-E65A30D3C79F}.Release|Any CPU.Build.0 = Release|Any CPU
	EndGlobalSection
	GlobalSection(SolutionProperties) = preSolution
		HideSolutionNode = FALSE
	EndGlobalSection
	GlobalSection(ExtensibilityGlobals) = postSolution
		SolutionGuid = {68A7AAB5-B80F-4BDF-A7AA-3E9D245B98E0}
	EndGlobalSection
	GlobalSection(NestedProjects) = preSolution
		{AE7705B6-AF12-1729-7FD9-CF99013A4FCB} = {41FD8850-2EFD-4067-A016-B1AB043C9DE8}
		{717549BD-8C73-5F2C-26F8-C1073B35E942} = {41FD8850-2EFD-4067-A016-B1AB043C9DE8}
		{8DA3528C-7216-432B-B3DC-0FC311978456} = {41FD8850-2EFD-4067-A016-B1AB043C9DE8}
		{B0EE1F47-F1FE-43B3-9B13-745FEFA67E14} = {41FD8850-2EFD-4067-A016-B1AB043C9DE8}
		{7D545B1C-414D-4BBF-98A8-BD75405D013C} = {4B9F43C6-26CB-4AAB-8002-12E81CB64800}
		{2D8C352A-CAF0-48C0-841C-C4D174F71566} = {4B9F43C6-26CB-4AAB-8002-12E81CB64800}
	EndGlobalSection
EndGlobal
